
Microsoft Visual Studio Solution File, Format Version 12.00
# Visual Studio Version 17
VisualStudioVersion = 17.7.34031.279
MinimumVisualStudioVersion = 10.0.40219.1
Project("{FAE04EC0-301F-11D3-BF4B-00C04F79EFBC}") = "Homework10.3", "Homework10.3\Homework10.3.csproj", "{11558402-C7C2-4C5E-AE15-17092B75D171}"
EndProject
Global
	GlobalSection(SolutionConfigurationPlatforms) = preSolution
		Debug|Any CPU = Debug|Any CPU
		Release|Any CPU = Release|Any CPU
	EndGlobalSection
	GlobalSection(ProjectConfigurationPlatforms) = postSolution
		{11558402-C7C2-4C5E-AE15-17092B75D171}.Debug|Any CPU.ActiveCfg = Debug|Any CPU
		{11558402-C7C2-4C5E-AE15-17092B75D171}.Debug|Any CPU.Build.0 = Debug|Any CPU
		{11558402-C7C2-4C5E-AE15-17092B75D171}.Release|Any CPU.ActiveCfg = Release|Any CPU
		{11558402-C7C2-4C5E-AE15-17092B75D171}.Release|Any CPU.Build.0 = Release|Any CPU
	EndGlobalSection
	GlobalSection(SolutionProperties) = preSolution
		HideSolutionNode = FALSE
	EndGlobalSection
	GlobalSection(ExtensibilityGlobals) = postSolution
		SolutionGuid = {D6F3DBCC-4DEA-4FDA-B785-37759A19B000}
	EndGlobalSection
EndGlobal
