
Microsoft Visual Studio Solution File, Format Version 12.00
# Visual Studio Version 17
VisualStudioVersion = 17.7.34031.279
MinimumVisualStudioVersion = 10.0.40219.1
Project("{FAE04EC0-301F-11D3-BF4B-00C04F79EFBC}") = "Homework4.3", "Homework4.3\Homework4.3.csproj", "{598E1A0B-9B50-4BDF-BEAA-8324D5403D95}"
EndProject
Global
	GlobalSection(SolutionConfigurationPlatforms) = preSolution
		Debug|Any CPU = Debug|Any CPU
		Release|Any CPU = Release|Any CPU
	EndGlobalSection
	GlobalSection(ProjectConfigurationPlatforms) = postSolution
		{598E1A0B-9B50-4BDF-BEAA-8324D5403D95}.Debug|Any CPU.ActiveCfg = Debug|Any CPU
		{598E1A0B-9B50-4BDF-BEAA-8324D5403D95}.Debug|Any CPU.Build.0 = Debug|Any CPU
		{598E1A0B-9B50-4BDF-BEAA-8324D5403D95}.Release|Any CPU.ActiveCfg = Release|Any CPU
		{598E1A0B-9B50-4BDF-BEAA-8324D5403D95}.Release|Any CPU.Build.0 = Release|Any CPU
	EndGlobalSection
	GlobalSection(SolutionProperties) = preSolution
		HideSolutionNode = FALSE
	EndGlobalSection
	GlobalSection(ExtensibilityGlobals) = postSolution
		SolutionGuid = {30760D30-8BF6-4839-8A62-F48A2C2EB221}
	EndGlobalSection
EndGlobal
